// !$*UTF8*$!
{
	archiveVersion = 1;
	classes = {
	};
	objectVersion = 50;
	objects = {

/* Begin PBXBuildFile section */
		43C7A9A820B3F30600CF139D /* UIView+Tracking.m in Sources */ = {isa = PBXBuildFile; fileRef = 43C7A9A720B3F30600CF139D /* UIView+Tracking.m */; };
		43C7A9AB20B3F32800CF139D /* NSObject+Swizzling.m in Sources */ = {isa = PBXBuildFile; fileRef = 43C7A9AA20B3F32800CF139D /* NSObject+Swizzling.m */; };
		43C7A9AE20B3F53C00CF139D /* UISwitch+Tracking.m in Sources */ = {isa = PBXBuildFile; fileRef = 43C7A9AD20B3F53C00CF139D /* UISwitch+Tracking.m */; };
		43C7A9B220B3F59C00CF139D /* UITextField+Tracking.m in Sources */ = {isa = PBXBuildFile; fileRef = 43C7A9B120B3F59C00CF139D /* UITextField+Tracking.m */; };
		43C7A9B520B3F5D300CF139D /* UIControl+Tracking.m in Sources */ = {isa = PBXBuildFile; fileRef = 43C7A9B420B3F5D300CF139D /* UIControl+Tracking.m */; };
		43C7A9BA20B40E2F00CF139D /* UISlider+Tracking.m in Sources */ = {isa = PBXBuildFile; fileRef = 43C7A9B920B40E2F00CF139D /* UISlider+Tracking.m */; };
		43C7A9BD20B40EB100CF139D /* UIButton+Tracking.m in Sources */ = {isa = PBXBuildFile; fileRef = 43C7A9BC20B40EB100CF139D /* UIButton+Tracking.m */; };
		43C7A9C120B414E200CF139D /* UILabel+Tracking.m in Sources */ = {isa = PBXBuildFile; fileRef = 43C7A9C020B414E200CF139D /* UILabel+Tracking.m */; };
		CEC34E7320B336850080A49B /* AppDelegate.m in Sources */ = {isa = PBXBuildFile; fileRef = CEC34E7220B336850080A49B /* AppDelegate.m */; };
		CEC34E7620B336850080A49B /* ViewController.m in Sources */ = {isa = PBXBuildFile; fileRef = CEC34E7520B336850080A49B /* ViewController.m */; };
		CEC34E7920B336850080A49B /* Main.storyboard in Resources */ = {isa = PBXBuildFile; fileRef = CEC34E7720B336850080A49B /* Main.storyboard */; };
		CEC34E7B20B336870080A49B /* Assets.xcassets in Resources */ = {isa = PBXBuildFile; fileRef = CEC34E7A20B336870080A49B /* Assets.xcassets */; };
		CEC34E7E20B336870080A49B /* LaunchScreen.storyboard in Resources */ = {isa = PBXBuildFile; fileRef = CEC34E7C20B336870080A49B /* LaunchScreen.storyboard */; };
		CEC34E8120B336870080A49B /* main.m in Sources */ = {isa = PBXBuildFile; fileRef = CEC34E8020B336870080A49B /* main.m */; };
		CEC34E8920B345300080A49B /* Xtrace.mm in Sources */ = {isa = PBXBuildFile; fileRef = CEC34E8720B345300080A49B /* Xtrace.mm */; };
/* End PBXBuildFile section */

/* Begin PBXFileReference section */
		43C7A9A620B3F30600CF139D /* UIView+Tracking.h */ = {isa = PBXFileReference; lastKnownFileType = sourcecode.c.h; path = "UIView+Tracking.h"; sourceTree = "<group>"; };
		43C7A9A720B3F30600CF139D /* UIView+Tracking.m */ = {isa = PBXFileReference; lastKnownFileType = sourcecode.c.objc; path = "UIView+Tracking.m"; sourceTree = "<group>"; };
		43C7A9A920B3F32800CF139D /* NSObject+Swizzling.h */ = {isa = PBXFileReference; lastKnownFileType = sourcecode.c.h; path = "NSObject+Swizzling.h"; sourceTree = "<group>"; };
		43C7A9AA20B3F32800CF139D /* NSObject+Swizzling.m */ = {isa = PBXFileReference; lastKnownFileType = sourcecode.c.objc; path = "NSObject+Swizzling.m"; sourceTree = "<group>"; };
		43C7A9AC20B3F53C00CF139D /* UISwitch+Tracking.h */ = {isa = PBXFileReference; lastKnownFileType = sourcecode.c.h; path = "UISwitch+Tracking.h"; sourceTree = "<group>"; };
		43C7A9AD20B3F53C00CF139D /* UISwitch+Tracking.m */ = {isa = PBXFileReference; lastKnownFileType = sourcecode.c.objc; path = "UISwitch+Tracking.m"; sourceTree = "<group>"; };
		43C7A9B020B3F59C00CF139D /* UITextField+Tracking.h */ = {isa = PBXFileReference; lastKnownFileType = sourcecode.c.h; path = "UITextField+Tracking.h"; sourceTree = "<group>"; };
		43C7A9B120B3F59C00CF139D /* UITextField+Tracking.m */ = {isa = PBXFileReference; lastKnownFileType = sourcecode.c.objc; path = "UITextField+Tracking.m"; sourceTree = "<group>"; };
		43C7A9B320B3F5D300CF139D /* UIControl+Tracking.h */ = {isa = PBXFileReference; lastKnownFileType = sourcecode.c.h; path = "UIControl+Tracking.h"; sourceTree = "<group>"; };
		43C7A9B420B3F5D300CF139D /* UIControl+Tracking.m */ = {isa = PBXFileReference; lastKnownFileType = sourcecode.c.objc; path = "UIControl+Tracking.m"; sourceTree = "<group>"; };
		43C7A9B720B40BD800CF139D /* TrackingProcessor.h */ = {isa = PBXFileReference; lastKnownFileType = sourcecode.c.h; path = TrackingProcessor.h; sourceTree = "<group>"; };
		43C7A9B820B40E2F00CF139D /* UISlider+Tracking.h */ = {isa = PBXFileReference; lastKnownFileType = sourcecode.c.h; path = "UISlider+Tracking.h"; sourceTree = "<group>"; };
		43C7A9B920B40E2F00CF139D /* UISlider+Tracking.m */ = {isa = PBXFileReference; lastKnownFileType = sourcecode.c.objc; path = "UISlider+Tracking.m"; sourceTree = "<group>"; };
		43C7A9BB20B40EB100CF139D /* UIButton+Tracking.h */ = {isa = PBXFileReference; lastKnownFileType = sourcecode.c.h; path = "UIButton+Tracking.h"; sourceTree = "<group>"; };
		43C7A9BC20B40EB100CF139D /* UIButton+Tracking.m */ = {isa = PBXFileReference; lastKnownFileType = sourcecode.c.objc; path = "UIButton+Tracking.m"; sourceTree = "<group>"; };
		43C7A9BE20B4123C00CF139D /* SelfDescriptor.h */ = {isa = PBXFileReference; lastKnownFileType = sourcecode.c.h; path = SelfDescriptor.h; sourceTree = "<group>"; };
		43C7A9BF20B414E200CF139D /* UILabel+Tracking.h */ = {isa = PBXFileReference; lastKnownFileType = sourcecode.c.h; path = "UILabel+Tracking.h"; sourceTree = "<group>"; };
		43C7A9C020B414E200CF139D /* UILabel+Tracking.m */ = {isa = PBXFileReference; lastKnownFileType = sourcecode.c.objc; path = "UILabel+Tracking.m"; sourceTree = "<group>"; };
		CEC34E6E20B336850080A49B /* GIBTask.app */ = {isa = PBXFileReference; explicitFileType = wrapper.application; includeInIndex = 0; path = GIBTask.app; sourceTree = BUILT_PRODUCTS_DIR; };
		CEC34E7120B336850080A49B /* AppDelegate.h */ = {isa = PBXFileReference; lastKnownFileType = sourcecode.c.h; path = AppDelegate.h; sourceTree = "<group>"; };
		CEC34E7220B336850080A49B /* AppDelegate.m */ = {isa = PBXFileReference; lastKnownFileType = sourcecode.c.objc; path = AppDelegate.m; sourceTree = "<group>"; };
		CEC34E7420B336850080A49B /* ViewController.h */ = {isa = PBXFileReference; lastKnownFileType = sourcecode.c.h; path = ViewController.h; sourceTree = "<group>"; };
		CEC34E7520B336850080A49B /* ViewController.m */ = {isa = PBXFileReference; lastKnownFileType = sourcecode.c.objc; path = ViewController.m; sourceTree = "<group>"; };
		CEC34E7820B336850080A49B /* Base */ = {isa = PBXFileReference; lastKnownFileType = file.storyboard; name = Base; path = Base.lproj/Main.storyboard; sourceTree = "<group>"; };
		CEC34E7A20B336870080A49B /* Assets.xcassets */ = {isa = PBXFileReference; lastKnownFileType = folder.assetcatalog; path = Assets.xcassets; sourceTree = "<group>"; };
		CEC34E7D20B336870080A49B /* Base */ = {isa = PBXFileReference; lastKnownFileType = file.storyboard; name = Base; path = Base.lproj/LaunchScreen.storyboard; sourceTree = "<group>"; };
		CEC34E7F20B336870080A49B /* Info.plist */ = {isa = PBXFileReference; lastKnownFileType = text.plist.xml; path = Info.plist; sourceTree = "<group>"; };
		CEC34E8020B336870080A49B /* main.m */ = {isa = PBXFileReference; lastKnownFileType = sourcecode.c.objc; path = main.m; sourceTree = "<group>"; };
		CEC34E8720B345300080A49B /* Xtrace.mm */ = {isa = PBXFileReference; fileEncoding = 4; lastKnownFileType = sourcecode.cpp.objcpp; path = Xtrace.mm; sourceTree = "<group>"; };
		CEC34E8820B345300080A49B /* Xtrace.h */ = {isa = PBXFileReference; fileEncoding = 4; lastKnownFileType = sourcecode.c.h; path = Xtrace.h; sourceTree = "<group>"; };
/* End PBXFileReference section */

/* Begin PBXFrameworksBuildPhase section */
		CEC34E6B20B336850080A49B /* Frameworks */ = {
			isa = PBXFrameworksBuildPhase;
			buildActionMask = 2147483647;
			files = (
			);
			runOnlyForDeploymentPostprocessing = 0;
		};
/* End PBXFrameworksBuildPhase section */

/* Begin PBXGroup section */
		43C7A9A520B3F2E200CF139D /* Categories */ = {
			isa = PBXGroup;
			children = (
				43C7A9A620B3F30600CF139D /* UIView+Tracking.h */,
				43C7A9A720B3F30600CF139D /* UIView+Tracking.m */,
				43C7A9A920B3F32800CF139D /* NSObject+Swizzling.h */,
				43C7A9AA20B3F32800CF139D /* NSObject+Swizzling.m */,
				43C7A9AC20B3F53C00CF139D /* UISwitch+Tracking.h */,
				43C7A9AD20B3F53C00CF139D /* UISwitch+Tracking.m */,
				43C7A9B020B3F59C00CF139D /* UITextField+Tracking.h */,
				43C7A9B120B3F59C00CF139D /* UITextField+Tracking.m */,
				43C7A9B320B3F5D300CF139D /* UIControl+Tracking.h */,
				43C7A9B420B3F5D300CF139D /* UIControl+Tracking.m */,
				43C7A9B820B40E2F00CF139D /* UISlider+Tracking.h */,
				43C7A9B920B40E2F00CF139D /* UISlider+Tracking.m */,
				43C7A9BB20B40EB100CF139D /* UIButton+Tracking.h */,
				43C7A9BC20B40EB100CF139D /* UIButton+Tracking.m */,
				43C7A9BF20B414E200CF139D /* UILabel+Tracking.h */,
				43C7A9C020B414E200CF139D /* UILabel+Tracking.m */,
			);
			path = Categories;
			sourceTree = "<group>";
		};
		43C7A9B620B40BC700CF139D /* Protocols */ = {
			isa = PBXGroup;
			children = (
				43C7A9B720B40BD800CF139D /* TrackingProcessor.h */,
				43C7A9BE20B4123C00CF139D /* SelfDescriptor.h */,
			);
			path = Protocols;
			sourceTree = "<group>";
		};
		CEC34E6520B336850080A49B = {
			isa = PBXGroup;
			children = (
				CEC34E7020B336850080A49B /* GIBTask */,
				CEC34E6F20B336850080A49B /* Products */,
			);
			sourceTree = "<group>";
		};
		CEC34E6F20B336850080A49B /* Products */ = {
			isa = PBXGroup;
			children = (
				CEC34E6E20B336850080A49B /* GIBTask.app */,
			);
			name = Products;
			sourceTree = "<group>";
		};
		CEC34E7020B336850080A49B /* GIBTask */ = {
			isa = PBXGroup;
			children = (
				43C7A9B620B40BC700CF139D /* Protocols */,
				43C7A9A520B3F2E200CF139D /* Categories */,
				CEC34E8820B345300080A49B /* Xtrace.h */,
				CEC34E8720B345300080A49B /* Xtrace.mm */,
				CEC34E7120B336850080A49B /* AppDelegate.h */,
				CEC34E7220B336850080A49B /* AppDelegate.m */,
				CEC34E7420B336850080A49B /* ViewController.h */,
				CEC34E7520B336850080A49B /* ViewController.m */,
				CEC34E7720B336850080A49B /* Main.storyboard */,
				CEC34E7A20B336870080A49B /* Assets.xcassets */,
				CEC34E7C20B336870080A49B /* LaunchScreen.storyboard */,
				CEC34E7F20B336870080A49B /* Info.plist */,
				CEC34E8020B336870080A49B /* main.m */,
			);
			path = GIBTask;
			sourceTree = "<group>";
		};
/* End PBXGroup section */

/* Begin PBXNativeTarget section */
		CEC34E6D20B336850080A49B /* GIBTask */ = {
			isa = PBXNativeTarget;
			buildConfigurationList = CEC34E8420B336870080A49B /* Build configuration list for PBXNativeTarget "GIBTask" */;
			buildPhases = (
				CEC34E6A20B336850080A49B /* Sources */,
				CEC34E6B20B336850080A49B /* Frameworks */,
				CEC34E6C20B336850080A49B /* Resources */,
			);
			buildRules = (
			);
			dependencies = (
			);
			name = GIBTask;
			productName = GIBTask;
			productReference = CEC34E6E20B336850080A49B /* GIBTask.app */;
			productType = "com.apple.product-type.application";
		};
/* End PBXNativeTarget section */

/* Begin PBXProject section */
		CEC34E6620B336850080A49B /* Project object */ = {
			isa = PBXProject;
			attributes = {
				LastUpgradeCheck = 0930;
				ORGANIZATIONNAME = IA;
				TargetAttributes = {
					CEC34E6D20B336850080A49B = {
						CreatedOnToolsVersion = 9.3;
					};
				};
			};
			buildConfigurationList = CEC34E6920B336850080A49B /* Build configuration list for PBXProject "GIBTask" */;
			compatibilityVersion = "Xcode 9.3";
			developmentRegion = en;
			hasScannedForEncodings = 0;
			knownRegions = (
				en,
				Base,
			);
			mainGroup = CEC34E6520B336850080A49B;
			productRefGroup = CEC34E6F20B336850080A49B /* Products */;
			projectDirPath = "";
			projectRoot = "";
			targets = (
				CEC34E6D20B336850080A49B /* GIBTask */,
			);
		};
/* End PBXProject section */

/* Begin PBXResourcesBuildPhase section */
		CEC34E6C20B336850080A49B /* Resources */ = {
			isa = PBXResourcesBuildPhase;
			buildActionMask = 2147483647;
			files = (
				CEC34E7E20B336870080A49B /* LaunchScreen.storyboard in Resources */,
				CEC34E7B20B336870080A49B /* Assets.xcassets in Resources */,
				CEC34E7920B336850080A49B /* Main.storyboard in Resources */,
			);
			runOnlyForDeploymentPostprocessing = 0;
		};
/* End PBXResourcesBuildPhase section */

/* Begin PBXSourcesBuildPhase section */
		CEC34E6A20B336850080A49B /* Sources */ = {
			isa = PBXSourcesBuildPhase;
			buildActionMask = 2147483647;
			files = (
				43C7A9A820B3F30600CF139D /* UIView+Tracking.m in Sources */,
				43C7A9BD20B40EB100CF139D /* UIButton+Tracking.m in Sources */,
				43C7A9AB20B3F32800CF139D /* NSObject+Swizzling.m in Sources */,
				43C7A9B520B3F5D300CF139D /* UIControl+Tracking.m in Sources */,
				CEC34E8920B345300080A49B /* Xtrace.mm in Sources */,
				43C7A9AE20B3F53C00CF139D /* UISwitch+Tracking.m in Sources */,
				CEC34E7620B336850080A49B /* ViewController.m in Sources */,
				CEC34E8120B336870080A49B /* main.m in Sources */,
				43C7A9B220B3F59C00CF139D /* UITextField+Tracking.m in Sources */,
				43C7A9C120B414E200CF139D /* UILabel+Tracking.m in Sources */,
				CEC34E7320B336850080A49B /* AppDelegate.m in Sources */,
				43C7A9BA20B40E2F00CF139D /* UISlider+Tracking.m in Sources */,
			);
			runOnlyForDeploymentPostprocessing = 0;
		};
/* End PBXSourcesBuildPhase section */

/* Begin PBXVariantGroup section */
		CEC34E7720B336850080A49B /* Main.storyboard */ = {
			isa = PBXVariantGroup;
			children = (
				CEC34E7820B336850080A49B /* Base */,
			);
			name = Main.storyboard;
			sourceTree = "<group>";
		};
		CEC34E7C20B336870080A49B /* LaunchScreen.storyboard */ = {
			isa = PBXVariantGroup;
			children = (
				CEC34E7D20B336870080A49B /* Base */,
			);
			name = LaunchScreen.storyboard;
			sourceTree = "<group>";
		};
/* End PBXVariantGroup section */

/* Begin XCBuildConfiguration section */
		CEC34E8220B336870080A49B /* Debug */ = {
			isa = XCBuildConfiguration;
			buildSettings = {
				ALWAYS_SEARCH_USER_PATHS = NO;
				CLANG_ANALYZER_NONNULL = YES;
				CLANG_ANALYZER_NUMBER_OBJECT_CONVERSION = YES_AGGRESSIVE;
				CLANG_CXX_LANGUAGE_STANDARD = "gnu++14";
				CLANG_CXX_LIBRARY = "libc++";
				CLANG_ENABLE_MODULES = YES;
				CLANG_ENABLE_OBJC_ARC = YES;
				CLANG_ENABLE_OBJC_WEAK = YES;
				CLANG_WARN_BLOCK_CAPTURE_AUTORELEASING = YES;
				CLANG_WARN_BOOL_CONVERSION = YES;
				CLANG_WARN_COMMA = YES;
				CLANG_WARN_CONSTANT_CONVERSION = YES;
				CLANG_WARN_DEPRECATED_OBJC_IMPLEMENTATIONS = YES;
				CLANG_WARN_DIRECT_OBJC_ISA_USAGE = YES_ERROR;
				CLANG_WARN_DOCUMENTATION_COMMENTS = YES;
				CLANG_WARN_EMPTY_BODY = YES;
				CLANG_WARN_ENUM_CONVERSION = YES;
				CLANG_WARN_INFINITE_RECURSION = YES;
				CLANG_WARN_INT_CONVERSION = YES;
				CLANG_WARN_NON_LITERAL_NULL_CONVERSION = YES;
				CLANG_WARN_OBJC_IMPLICIT_RETAIN_SELF = YES;
				CLANG_WARN_OBJC_LITERAL_CONVERSION = YES;
				CLANG_WARN_OBJC_ROOT_CLASS = YES_ERROR;
				CLANG_WARN_RANGE_LOOP_ANALYSIS = YES;
				CLANG_WARN_STRICT_PROTOTYPES = YES;
				CLANG_WARN_SUSPICIOUS_MOVE = YES;
				CLANG_WARN_UNGUARDED_AVAILABILITY = YES_AGGRESSIVE;
				CLANG_WARN_UNREACHABLE_CODE = YES;
				CLANG_WARN__DUPLICATE_METHOD_MATCH = YES;
				CODE_SIGN_IDENTITY = "iPhone Developer";
				COPY_PHASE_STRIP = NO;
				DEBUG_INFORMATION_FORMAT = dwarf;
				ENABLE_STRICT_OBJC_MSGSEND = YES;
				ENABLE_TESTABILITY = YES;
				GCC_C_LANGUAGE_STANDARD = gnu11;
				GCC_DYNAMIC_NO_PIC = NO;
				GCC_NO_COMMON_BLOCKS = YES;
				GCC_OPTIMIZATION_LEVEL = 0;
				GCC_PREPROCESSOR_DEFINITIONS = (
					"DEBUG=1",
					"$(inherited)",
				);
				GCC_WARN_64_TO_32_BIT_CONVERSION = YES;
				GCC_WARN_ABOUT_RETURN_TYPE = YES_ERROR;
				GCC_WARN_UNDECLARED_SELECTOR = YES;
				GCC_WARN_UNINITIALIZED_AUTOS = YES_AGGRESSIVE;
				GCC_WARN_UNUSED_FUNCTION = YES;
				GCC_WARN_UNUSED_VARIABLE = YES;
				IPHONEOS_DEPLOYMENT_TARGET = 11.3;
				MTL_ENABLE_DEBUG_INFO = YES;
				ONLY_ACTIVE_ARCH = YES;
				SDKROOT = iphoneos;
			};
			name = Debug;
		};
		CEC34E8320B336870080A49B /* Release */ = {
			isa = XCBuildConfiguration;
			buildSettings = {
				ALWAYS_SEARCH_USER_PATHS = NO;
				CLANG_ANALYZER_NONNULL = YES;
				CLANG_ANALYZER_NUMBER_OBJECT_CONVERSION = YES_AGGRESSIVE;
				CLANG_CXX_LANGUAGE_STANDARD = "gnu++14";
				CLANG_CXX_LIBRARY = "libc++";
				CLANG_ENABLE_MODULES = YES;
				CLANG_ENABLE_OBJC_ARC = YES;
				CLANG_ENABLE_OBJC_WEAK = YES;
				CLANG_WARN_BLOCK_CAPTURE_AUTORELEASING = YES;
				CLANG_WARN_BOOL_CONVERSION = YES;
				CLANG_WARN_COMMA = YES;
				CLANG_WARN_CONSTANT_CONVERSION = YES;
				CLANG_WARN_DEPRECATED_OBJC_IMPLEMENTATIONS = YES;
				CLANG_WARN_DIRECT_OBJC_ISA_USAGE = YES_ERROR;
				CLANG_WARN_DOCUMENTATION_COMMENTS = YES;
				CLANG_WARN_EMPTY_BODY = YES;
				CLANG_WARN_ENUM_CONVERSION = YES;
				CLANG_WARN_INFINITE_RECURSION = YES;
				CLANG_WARN_INT_CONVERSION = YES;
				CLANG_WARN_NON_LITERAL_NULL_CONVERSION = YES;
				CLANG_WARN_OBJC_IMPLICIT_RETAIN_SELF = YES;
				CLANG_WARN_OBJC_LITERAL_CONVERSION = YES;
				CLANG_WARN_OBJC_ROOT_CLASS = YES_ERROR;
				CLANG_WARN_RANGE_LOOP_ANALYSIS = YES;
				CLANG_WARN_STRICT_PROTOTYPES = YES;
				CLANG_WARN_SUSPICIOUS_MOVE = YES;
				CLANG_WARN_UNGUARDED_AVAILABILITY = YES_AGGRESSIVE;
				CLANG_WARN_UNREACHABLE_CODE = YES;
				CLANG_WARN__DUPLICATE_METHOD_MATCH = YES;
				CODE_SIGN_IDENTITY = "iPhone Developer";
				COPY_PHASE_STRIP = NO;
				DEBUG_INFORMATION_FORMAT = "dwarf-with-dsym";
				ENABLE_NS_ASSERTIONS = NO;
				ENABLE_STRICT_OBJC_MSGSEND = YES;
				GCC_C_LANGUAGE_STANDARD = gnu11;
				GCC_NO_COMMON_BLOCKS = YES;
				GCC_WARN_64_TO_32_BIT_CONVERSION = YES;
				GCC_WARN_ABOUT_RETURN_TYPE = YES_ERROR;
				GCC_WARN_UNDECLARED_SELECTOR = YES;
				GCC_WARN_UNINITIALIZED_AUTOS = YES_AGGRESSIVE;
				GCC_WARN_UNUSED_FUNCTION = YES;
				GCC_WARN_UNUSED_VARIABLE = YES;
				IPHONEOS_DEPLOYMENT_TARGET = 11.3;
				MTL_ENABLE_DEBUG_INFO = NO;
				SDKROOT = iphoneos;
				VALIDATE_PRODUCT = YES;
			};
			name = Release;
		};
		CEC34E8520B336870080A49B /* Debug */ = {
			isa = XCBuildConfiguration;
			buildSettings = {
				ASSETCATALOG_COMPILER_APPICON_NAME = AppIcon;
				CODE_SIGN_STYLE = Automatic;
				DEVELOPMENT_TEAM = 8WY4UX44X6;
				INFOPLIST_FILE = GIBTask/Info.plist;
				LD_RUNPATH_SEARCH_PATHS = (
					"$(inherited)",
					"@executable_path/Frameworks",
				);
				PRODUCT_BUNDLE_IDENTIFIER = com.ialiev.GIBTask;
				PRODUCT_NAME = "$(TARGET_NAME)";
				TARGETED_DEVICE_FAMILY = "1,2";
			};
			name = Debug;
		};
		CEC34E8620B336870080A49B /* Release */ = {
			isa = XCBuildConfiguration;
			buildSettings = {
				ASSETCATALOG_COMPILER_APPICON_NAME = AppIcon;
				CODE_SIGN_STYLE = Automatic;
				DEVELOPMENT_TEAM = 8WY4UX44X6;
				INFOPLIST_FILE = GIBTask/Info.plist;
				LD_RUNPATH_SEARCH_PATHS = (
					"$(inherited)",
					"@executable_path/Frameworks",
				);
				PRODUCT_BUNDLE_IDENTIFIER = com.ialiev.GIBTask;
				PRODUCT_NAME = "$(TARGET_NAME)";
				TARGETED_DEVICE_FAMILY = "1,2";
			};
			name = Release;
		};
/* End XCBuildConfiguration section */

/* Begin XCConfigurationList section */
		CEC34E6920B336850080A49B /* Build configuration list for PBXProject "GIBTask" */ = {
			isa = XCConfigurationList;
			buildConfigurations = (
				CEC34E8220B336870080A49B /* Debug */,
				CEC34E8320B336870080A49B /* Release */,
			);
			defaultConfigurationIsVisible = 0;
			defaultConfigurationName = Release;
		};
		CEC34E8420B336870080A49B /* Build configuration list for PBXNativeTarget "GIBTask" */ = {
			isa = XCConfigurationList;
			buildConfigurations = (
				CEC34E8520B336870080A49B /* Debug */,
				CEC34E8620B336870080A49B /* Release */,
			);
			defaultConfigurationIsVisible = 0;
			defaultConfigurationName = Release;
		};
/* End XCConfigurationList section */
	};
	rootObject = CEC34E6620B336850080A49B /* Project object */;
}
